
Microsoft Visual Studio Solution File, Format Version 12.00
# Visual Studio Version 17
VisualStudioVersion = 17.0.32112.339
MinimumVisualStudioVersion = 10.0.40219.1
Project("{8BC9CEB8-8B4A-11D0-8D11-00A0C91BC942}") = "HelloWorld", "HelloWorld\HelloWorld.vcxproj", "{5285DDDF-B55C-43BC-A525-FE9EE729607C}"
EndProject
Project("{8BC9CEB8-8B4A-11D0-8D11-00A0C91BC942}") = "Variables_exam", "Variables_exam\Variables_exam.vcxproj", "{CE7F89F1-C280-4CC1-99BA-184B16397D61}"
EndProject
Project("{8BC9CEB8-8B4A-11D0-8D11-00A0C91BC942}") = "Modifier", "Modifier\Modifier.vcxproj", "{0CC17968-6787-4E81-A4AE-A6E0C7AA38BB}"
EndProject
Project("{8BC9CEB8-8B4A-11D0-8D11-00A0C91BC942}") = "CPPOperator", "CPPOperator\CPPOperator.vcxproj", "{40B120CB-381E-411A-B37A-9041115D5455}"
EndProject
Project("{8BC9CEB8-8B4A-11D0-8D11-00A0C91BC942}") = "CPPIOExam", "CPPIOExam\CPPIOExam.vcxproj", "{639EAE8F-2D65-4897-A6BE-B7C16037DC8C}"
EndProject
Project("{8BC9CEB8-8B4A-11D0-8D11-00A0C91BC942}") = "CIOExam", "CIOExam\CIOExam.vcxproj", "{16D8F26B-8639-4A1C-A69F-1DEB3E062F5C}"
EndProject
Project("{8BC9CEB8-8B4A-11D0-8D11-00A0C91BC942}") = "CPPStringExam", "CPPStringExam\CPPStringExam.vcxproj", "{41584FC5-0B7A-47F2-A933-7414D565A9DA}"
EndProject
Project("{8BC9CEB8-8B4A-11D0-8D11-00A0C91BC942}") = "CPPConditionExam", "CPPConditionExam\CPPConditionExam.vcxproj", "{8502728E-9725-44B1-9000-0F86387FC082}"
EndProject
Project("{8BC9CEB8-8B4A-11D0-8D11-00A0C91BC942}") = "CPPLoopExam", "CPPLoopExam\CPPLoopExam.vcxproj", "{3B94C3CE-5E60-424F-9A44-FB3766488494}"
EndProject
Project("{8BC9CEB8-8B4A-11D0-8D11-00A0C91BC942}") = "BreakContinue", "BreakContinue\BreakContinue.vcxproj", "{2083A18E-4307-4C12-BE42-CC401C4302AF}"
EndProject
Project("{8BC9CEB8-8B4A-11D0-8D11-00A0C91BC942}") = "ArrayExam", "ArrayExam\ArrayExam.vcxproj", "{10B1AFD3-D0F2-4478-BD69-E6387FE67D4D}"
EndProject
Project("{8BC9CEB8-8B4A-11D0-8D11-00A0C91BC942}") = "RefExam", "RefExam\RefExam.vcxproj", "{45DD30E0-2684-442C-9504-CD0DD1CB6001}"
EndProject
Project("{8BC9CEB8-8B4A-11D0-8D11-00A0C91BC942}") = "PointerExam", "PointerExam\PointerExam.vcxproj", "{B9C6C4EF-3FA8-4EE7-ADC5-B449BC19CB6A}"
EndProject
Project("{8BC9CEB8-8B4A-11D0-8D11-00A0C91BC942}") = "PtrArrayExam", "PtrArrayExam\PtrArrayExam.vcxproj", "{56917B25-72AC-4E19-8552-7DD53FBA9BFB}"
EndProject
Project("{8BC9CEB8-8B4A-11D0-8D11-00A0C91BC942}") = "StrLiteralExam", "StrLiteralExam\StrLiteralExam.vcxproj", "{98B3A0A2-8487-44EA-AA0E-7DD86C91628D}"
EndProject
Project("{8BC9CEB8-8B4A-11D0-8D11-00A0C91BC942}") = "0121HW", "0121HW\0121HW.vcxproj", "{9FF4E1BD-96DD-42E2-87AE-3515C0F7C064}"
EndProject
Project("{8BC9CEB8-8B4A-11D0-8D11-00A0C91BC942}") = "PtrToPtrExam", "PtrToPtrExam\PtrToPtrExam.vcxproj", "{D28F2E3D-2A51-43B6-911A-5F8C1F807356}"
EndProject
Project("{8BC9CEB8-8B4A-11D0-8D11-00A0C91BC942}") = "voidptrExam", "voidptrExam\voidptrExam.vcxproj", "{D3786F0A-6B2E-4089-AE9E-BCEDE603DF5D}"
EndProject
Project("{8BC9CEB8-8B4A-11D0-8D11-00A0C91BC942}") = "DynamMemExam", "DynamMemExam\DynamMemExam.vcxproj", "{52C431D8-A0E5-4D7E-BA33-9B17D451C85C}"
EndProject
Project("{8BC9CEB8-8B4A-11D0-8D11-00A0C91BC942}") = "CPPDynamicExam", "CPPDynamicExam\CPPDynamicExam.vcxproj", "{6D6AEFB9-70AE-4D48-AB11-232B8DE5DF36}"
EndProject
Project("{8BC9CEB8-8B4A-11D0-8D11-00A0C91BC942}") = "0124HW", "0124HW\0124HW.vcxproj", "{1843EBB0-E461-4C2C-B6C1-06D12BD6B778}"
EndProject
Project("{8BC9CEB8-8B4A-11D0-8D11-00A0C91BC942}") = "CPPNewDelArrayExam", "CPPNewDelArrayExam\CPPNewDelArrayExam.vcxproj", "{9C0514A0-DE2E-4B7A-86B7-AA2FFC82BB8F}"
EndProject
Project("{8BC9CEB8-8B4A-11D0-8D11-00A0C91BC942}") = "TwoDimExam", "TwoDimExam\TwoDimExam.vcxproj", "{13038B3E-3C62-49A7-85D2-AEB299585D9D}"
EndProject
Project("{8BC9CEB8-8B4A-11D0-8D11-00A0C91BC942}") = "SmartPointerExam", "SmartPointerExam\SmartPointerExam.vcxproj", "{47D70874-5925-44AF-B9C3-7831C4B9A50A}"
EndProject
Project("{8BC9CEB8-8B4A-11D0-8D11-00A0C91BC942}") = "CPPFuncExam", "CPPFuncExam\CPPFuncExam.vcxproj", "{AA8B586E-9973-4072-A653-F94D6E506431}"
EndProject
Project("{8BC9CEB8-8B4A-11D0-8D11-00A0C91BC942}") = "FuncOverload", "FuncOverload\FuncOverload.vcxproj", "{D9EC3541-B29F-4FD1-94C5-C7BE3D60E64E}"
EndProject
Project("{8BC9CEB8-8B4A-11D0-8D11-00A0C91BC942}") = "FuncPointerExam", "FuncPointerExam\FuncPointerExam.vcxproj", "{C6AD6AA0-D628-452F-8EFA-2A2B11C65FF7}"
EndProject
Project("{8BC9CEB8-8B4A-11D0-8D11-00A0C91BC942}") = "0125HW", "0125HW\0125HW.vcxproj", "{FC053A05-5D20-42CB-9854-25E65FD29DB8}"
EndProject
Project("{8BC9CEB8-8B4A-11D0-8D11-00A0C91BC942}") = "NamespaceExam", "NamespaceExam\NamespaceExam.vcxproj", "{6DAE73CB-40A1-4F4E-92A0-D7DF010678F7}"
EndProject
Project("{8BC9CEB8-8B4A-11D0-8D11-00A0C91BC942}") = "StructExam", "StructExam\StructExam.vcxproj", "{99BC0B47-F9A5-4428-8C36-C669F3B73EBC}"
EndProject
Project("{8BC9CEB8-8B4A-11D0-8D11-00A0C91BC942}") = "StructSizeExam", "StructSizeExam\StructSizeExam.vcxproj", "{5B8D7A60-E319-44F0-9C25-86959604DB7B}"
EndProject
Project("{8BC9CEB8-8B4A-11D0-8D11-00A0C91BC942}") = "BasicClassExam", "BasicClassExam\BasicClassExam.vcxproj", "{B601EB73-2C62-4ADB-A938-3712D34083E6}"
EndProject
Project("{8BC9CEB8-8B4A-11D0-8D11-00A0C91BC942}") = "0126HW", "0126HW\0126HW.vcxproj", "{AB6F953B-E458-47D7-B185-B923EFAA7858}"
EndProject
Project("{8BC9CEB8-8B4A-11D0-8D11-00A0C91BC942}") = "ConstuctroExam", "ConstuctroExam\ConstuctroExam.vcxproj", "{72255313-59F3-4DAC-BA34-F7F9216ECFBF}"
EndProject
Project("{8BC9CEB8-8B4A-11D0-8D11-00A0C91BC942}") = "DestructorExam", "DestructorExam\DestructorExam.vcxproj", "{284C0388-7DD5-4FED-A8C4-594F71607C76}"
EndProject
Project("{8BC9CEB8-8B4A-11D0-8D11-00A0C91BC942}") = "ThisPtrExam", "ThisPtrExam\ThisPtrExam.vcxproj", "{E92094A8-99F2-44F6-B620-2C8C73845069}"
EndProject
Project("{8BC9CEB8-8B4A-11D0-8D11-00A0C91BC942}") = "ClassOverloadExam", "ClassOverloadExam\ClassOverloadExam.vcxproj", "{268D6927-E4D1-4A17-9419-34C736C623A3}"
EndProject
Project("{8BC9CEB8-8B4A-11D0-8D11-00A0C91BC942}") = "OpenOverlaodExam", "OpenOverlaodExam\OpenOverlaodExam.vcxproj", "{F0EEEADE-AFA2-4986-AB4B-CCF7735A9AB0}"
EndProject
Project("{8BC9CEB8-8B4A-11D0-8D11-00A0C91BC942}") = "AccessSpecifierExam", "AccessSpecifierExam\AccessSpecifierExam.vcxproj", "{2AD964CD-43EA-4A06-A74E-9AEF746EDA7B}"
EndProject
Project("{8BC9CEB8-8B4A-11D0-8D11-00A0C91BC942}") = "EncapsulationExam", "EncapsulationExam\EncapsulationExam.vcxproj", "{74B12EEA-301B-444B-8CB4-6700896FD5FF}"
EndProject
Project("{8BC9CEB8-8B4A-11D0-8D11-00A0C91BC942}") = "InheritExam", "InheritExam\InheritExam.vcxproj", "{0A17089F-DDFE-4A3F-B16D-B4C2679A00C7}"
EndProject
Project("{8BC9CEB8-8B4A-11D0-8D11-00A0C91BC942}") = "ShapeInheritExam", "SimpleInheritExam\SimpleInheritExam.vcxproj", "{923DD069-2A6C-4C32-A951-57653C7CA806}"
EndProject
Project("{8BC9CEB8-8B4A-11D0-8D11-00A0C91BC942}") = "StaticVariablesExam", "StaticVariablesExam\StaticVariablesExam.vcxproj", "{9B13D49B-A4A7-44BC-9394-E92700841885}"
EndProject
Project("{8BC9CEB8-8B4A-11D0-8D11-00A0C91BC942}") = "PolyExam", "PolyExam\PolyExam.vcxproj", "{F3D1DF61-2A19-4CBD-B6C8-2A1295E121A4}"
EndProject
Project("{8BC9CEB8-8B4A-11D0-8D11-00A0C91BC942}") = "AbstractClassExam", "AbstractClassExam\AbstractClassExam.vcxproj", "{C24C4392-FC34-491D-8EEF-40540B90D3AD}"
EndProject
Project("{8BC9CEB8-8B4A-11D0-8D11-00A0C91BC942}") = "AbstractDataExam", "AbstractDataExam\AbstractDataExam.vcxproj", "{335B02DA-5426-4E00-8BAC-9EEC3D4A9CDE}"
EndProject
Project("{8BC9CEB8-8B4A-11D0-8D11-00A0C91BC942}") = "SimpleFileIOExam", "SimpleFileIOExam\SimpleFileIOExam.vcxproj", "{AEC05EF5-19A0-4B67-AD3D-38F538F7910F}"
EndProject
Project("{8BC9CEB8-8B4A-11D0-8D11-00A0C91BC942}") = "FileIOExam", "FileIOExam\FileIOExam.vcxproj", "{BA71276B-685A-43A8-A335-8161CEFBF159}"
EndProject
Project("{8BC9CEB8-8B4A-11D0-8D11-00A0C91BC942}") = "filepointExam", "filepointExam\filepointExam.vcxproj", "{4E54A1EF-85F7-41AF-8F19-847EB9F628D1}"
EndProject
Project("{8BC9CEB8-8B4A-11D0-8D11-00A0C91BC942}") = "SimpleCopyExam", "SimpleCopyExam\SimpleCopyExam.vcxproj", "{AD7E515C-14C7-4F6A-9C4D-F19ED8ECD5BB}"
EndProject
Project("{8BC9CEB8-8B4A-11D0-8D11-00A0C91BC942}") = "FilePosExam", "FilePosExam\FilePosExam.vcxproj", "{3F03F6D9-2B59-40C7-9BE2-73DC7CED1623}"
EndProject
Project("{8BC9CEB8-8B4A-11D0-8D11-00A0C91BC942}") = "VerySimpleThrowExam", "VerySimpleThrowExam\VerySimpleThrowExam.vcxproj", "{2235621C-E8F9-4C73-9D7F-F9D7AD25498A}"
EndProject
Project("{8BC9CEB8-8B4A-11D0-8D11-00A0C91BC942}") = "StdExceptionExam", "StdExceptionExam\StdExceptionExam.vcxproj", "{B383E5C4-F01F-4874-932C-51B369427265}"
EndProject
Project("{8BC9CEB8-8B4A-11D0-8D11-00A0C91BC942}") = "0203HW", "0203HW\0203HW.vcxproj", "{D1A4BDD4-B239-430B-831C-C75B081049E3}"
EndProject
Project("{8BC9CEB8-8B4A-11D0-8D11-00A0C91BC942}") = "SimpleTemplateExam", "SimpleTemplateExam\SimpleTemplateExam.vcxproj", "{D0D3F621-BD52-4033-9904-B541C075E9B6}"
EndProject
Project("{8BC9CEB8-8B4A-11D0-8D11-00A0C91BC942}") = "StackTemplateExam", "StackTemplateExam\StackTemplateExam.vcxproj", "{CB43E36D-D520-4BBE-8431-A885DE84E157}"
EndProject
Project("{8BC9CEB8-8B4A-11D0-8D11-00A0C91BC942}") = "SimpleClassTemplateExam", "SimpleClassTemplateExam\SimpleClassTemplateExam.vcxproj", "{454E42D1-0FE9-4A40-BE00-9FC28A94F2F1}"
EndProject
Project("{8BC9CEB8-8B4A-11D0-8D11-00A0C91BC942}") = "SimpleVectorExam", "SimpleVectorExam\SimpleVectorExam.vcxproj", "{38BD1D89-B033-425C-9E88-301F3A357E2F}"
EndProject
Project("{8BC9CEB8-8B4A-11D0-8D11-00A0C91BC942}") = "vector_itr_exam", "vector_itr_exam\vector_itr_exam.vcxproj", "{693BE068-09D7-4CCA-8C77-6777AE261AE0}"
EndProject
Project("{8BC9CEB8-8B4A-11D0-8D11-00A0C91BC942}") = "CautionItrExam", "CautionItrExam\CautionItrExam.vcxproj", "{FB2BA581-7374-4157-8B9F-10F065FE5F4F}"
EndProject
Project("{8BC9CEB8-8B4A-11D0-8D11-00A0C91BC942}") = "ConstItrExam", "ConstItrExam\ConstItrExam.vcxproj", "{6C8B04AF-AF9F-4D4B-8CA8-F76A802797D0}"
EndProject
Project("{8BC9CEB8-8B4A-11D0-8D11-00A0C91BC942}") = "SimpleListExam", "SimpleListExam\SimpleListExam.vcxproj", "{3C2AAA14-A1F6-4D0D-895D-0AE448145AD1}"
EndProject
Project("{8BC9CEB8-8B4A-11D0-8D11-00A0C91BC942}") = "DequeExam", "DequeExam\DequeExam.vcxproj", "{82FE801E-7DE4-4DA6-A7D8-677BAF02C5DF}"
EndProject
Project("{8BC9CEB8-8B4A-11D0-8D11-00A0C91BC942}") = "SetExam", "SetExam\SetExam.vcxproj", "{512BDF96-4F37-4515-883B-B0ED845D030A}"
EndProject
Project("{8BC9CEB8-8B4A-11D0-8D11-00A0C91BC942}") = "ClassInSetExam", "ClassInSetExam\ClassInSetExam.vcxproj", "{D66D687E-B3C5-4BC4-BEBA-D1F51883F6BB}"
EndProject
Project("{8BC9CEB8-8B4A-11D0-8D11-00A0C91BC942}") = "MapExam", "MapExam\MapExam.vcxproj", "{83D115C7-7568-447C-A6C8-6C6303B478C7}"
EndProject
Project("{8BC9CEB8-8B4A-11D0-8D11-00A0C91BC942}") = "SimpleMultiExam", "SimpleMultiExam\SimpleMultiExam.vcxproj", "{E976CEB7-0884-4AE7-81DE-1CC2879DE47B}"
EndProject
Project("{8BC9CEB8-8B4A-11D0-8D11-00A0C91BC942}") = "SimpleSortExam", "SimpleSortExam\SimpleSortExam.vcxproj", "{2BC8C8FC-B4DA-435F-A16A-8D470E4C66EB}"
EndProject
Project("{8BC9CEB8-8B4A-11D0-8D11-00A0C91BC942}") = "PartialSortExam", "PartialSortExam\PartialSortExam.vcxproj", "{FC3FA1C7-4AE9-4C38-944C-DB0AD1C8AC04}"
EndProject
Project("{8BC9CEB8-8B4A-11D0-8D11-00A0C91BC942}") = "StableSortExam", "StableSortExam\StableSortExam.vcxproj", "{59C240F1-5A32-4246-B5DF-0C68628B8FBF}"
EndProject
Project("{8BC9CEB8-8B4A-11D0-8D11-00A0C91BC942}") = "LambdaFuncExam", "LambdaFuncExam\LambdaFuncExam.vcxproj", "{CC8450EE-AAB1-489A-A340-284AB55FE4C2}"
EndProject
Global
	GlobalSection(SolutionConfigurationPlatforms) = preSolution
		Debug|x64 = Debug|x64
		Debug|x86 = Debug|x86
		Release|x64 = Release|x64
		Release|x86 = Release|x86
	EndGlobalSection
	GlobalSection(ProjectConfigurationPlatforms) = postSolution
		{5285DDDF-B55C-43BC-A525-FE9EE729607C}.Debug|x64.ActiveCfg = Debug|x64
		{5285DDDF-B55C-43BC-A525-FE9EE729607C}.Debug|x64.Build.0 = Debug|x64
		{5285DDDF-B55C-43BC-A525-FE9EE729607C}.Debug|x86.ActiveCfg = Debug|Win32
		{5285DDDF-B55C-43BC-A525-FE9EE729607C}.Debug|x86.Build.0 = Debug|Win32
		{5285DDDF-B55C-43BC-A525-FE9EE729607C}.Release|x64.ActiveCfg = Release|x64
		{5285DDDF-B55C-43BC-A525-FE9EE729607C}.Release|x64.Build.0 = Release|x64
		{5285DDDF-B55C-43BC-A525-FE9EE729607C}.Release|x86.ActiveCfg = Release|Win32
		{5285DDDF-B55C-43BC-A525-FE9EE729607C}.Release|x86.Build.0 = Release|Win32
		{CE7F89F1-C280-4CC1-99BA-184B16397D61}.Debug|x64.ActiveCfg = Debug|x64
		{CE7F89F1-C280-4CC1-99BA-184B16397D61}.Debug|x64.Build.0 = Debug|x64
		{CE7F89F1-C280-4CC1-99BA-184B16397D61}.Debug|x86.ActiveCfg = Debug|Win32
		{CE7F89F1-C280-4CC1-99BA-184B16397D61}.Debug|x86.Build.0 = Debug|Win32
		{CE7F89F1-C280-4CC1-99BA-184B16397D61}.Release|x64.ActiveCfg = Release|x64
		{CE7F89F1-C280-4CC1-99BA-184B16397D61}.Release|x64.Build.0 = Release|x64
		{CE7F89F1-C280-4CC1-99BA-184B16397D61}.Release|x86.ActiveCfg = Release|Win32
		{CE7F89F1-C280-4CC1-99BA-184B16397D61}.Release|x86.Build.0 = Release|Win32
		{0CC17968-6787-4E81-A4AE-A6E0C7AA38BB}.Debug|x64.ActiveCfg = Debug|x64
		{0CC17968-6787-4E81-A4AE-A6E0C7AA38BB}.Debug|x64.Build.0 = Debug|x64
		{0CC17968-6787-4E81-A4AE-A6E0C7AA38BB}.Debug|x86.ActiveCfg = Debug|Win32
		{0CC17968-6787-4E81-A4AE-A6E0C7AA38BB}.Debug|x86.Build.0 = Debug|Win32
		{0CC17968-6787-4E81-A4AE-A6E0C7AA38BB}.Release|x64.ActiveCfg = Release|x64
		{0CC17968-6787-4E81-A4AE-A6E0C7AA38BB}.Release|x64.Build.0 = Release|x64
		{0CC17968-6787-4E81-A4AE-A6E0C7AA38BB}.Release|x86.ActiveCfg = Release|Win32
		{0CC17968-6787-4E81-A4AE-A6E0C7AA38BB}.Release|x86.Build.0 = Release|Win32
		{40B120CB-381E-411A-B37A-9041115D5455}.Debug|x64.ActiveCfg = Debug|x64
		{40B120CB-381E-411A-B37A-9041115D5455}.Debug|x64.Build.0 = Debug|x64
		{40B120CB-381E-411A-B37A-9041115D5455}.Debug|x86.ActiveCfg = Debug|Win32
		{40B120CB-381E-411A-B37A-9041115D5455}.Debug|x86.Build.0 = Debug|Win32
		{40B120CB-381E-411A-B37A-9041115D5455}.Release|x64.ActiveCfg = Release|x64
		{40B120CB-381E-411A-B37A-9041115D5455}.Release|x64.Build.0 = Release|x64
		{40B120CB-381E-411A-B37A-9041115D5455}.Release|x86.ActiveCfg = Release|Win32
		{40B120CB-381E-411A-B37A-9041115D5455}.Release|x86.Build.0 = Release|Win32
		{639EAE8F-2D65-4897-A6BE-B7C16037DC8C}.Debug|x64.ActiveCfg = Debug|x64
		{639EAE8F-2D65-4897-A6BE-B7C16037DC8C}.Debug|x64.Build.0 = Debug|x64
		{639EAE8F-2D65-4897-A6BE-B7C16037DC8C}.Debug|x86.ActiveCfg = Debug|Win32
		{639EAE8F-2D65-4897-A6BE-B7C16037DC8C}.Debug|x86.Build.0 = Debug|Win32
		{639EAE8F-2D65-4897-A6BE-B7C16037DC8C}.Release|x64.ActiveCfg = Release|x64
		{639EAE8F-2D65-4897-A6BE-B7C16037DC8C}.Release|x64.Build.0 = Release|x64
		{639EAE8F-2D65-4897-A6BE-B7C16037DC8C}.Release|x86.ActiveCfg = Release|Win32
		{639EAE8F-2D65-4897-A6BE-B7C16037DC8C}.Release|x86.Build.0 = Release|Win32
		{16D8F26B-8639-4A1C-A69F-1DEB3E062F5C}.Debug|x64.ActiveCfg = Debug|x64
		{16D8F26B-8639-4A1C-A69F-1DEB3E062F5C}.Debug|x64.Build.0 = Debug|x64
		{16D8F26B-8639-4A1C-A69F-1DEB3E062F5C}.Debug|x86.ActiveCfg = Debug|Win32
		{16D8F26B-8639-4A1C-A69F-1DEB3E062F5C}.Debug|x86.Build.0 = Debug|Win32
		{16D8F26B-8639-4A1C-A69F-1DEB3E062F5C}.Release|x64.ActiveCfg = Release|x64
		{16D8F26B-8639-4A1C-A69F-1DEB3E062F5C}.Release|x64.Build.0 = Release|x64
		{16D8F26B-8639-4A1C-A69F-1DEB3E062F5C}.Release|x86.ActiveCfg = Release|Win32
		{16D8F26B-8639-4A1C-A69F-1DEB3E062F5C}.Release|x86.Build.0 = Release|Win32
		{41584FC5-0B7A-47F2-A933-7414D565A9DA}.Debug|x64.ActiveCfg = Debug|x64
		{41584FC5-0B7A-47F2-A933-7414D565A9DA}.Debug|x64.Build.0 = Debug|x64
		{41584FC5-0B7A-47F2-A933-7414D565A9DA}.Debug|x86.ActiveCfg = Debug|Win32
		{41584FC5-0B7A-47F2-A933-7414D565A9DA}.Debug|x86.Build.0 = Debug|Win32
		{41584FC5-0B7A-47F2-A933-7414D565A9DA}.Release|x64.ActiveCfg = Release|x64
		{41584FC5-0B7A-47F2-A933-7414D565A9DA}.Release|x64.Build.0 = Release|x64
		{41584FC5-0B7A-47F2-A933-7414D565A9DA}.Release|x86.ActiveCfg = Release|Win32
		{41584FC5-0B7A-47F2-A933-7414D565A9DA}.Release|x86.Build.0 = Release|Win32
		{8502728E-9725-44B1-9000-0F86387FC082}.Debug|x64.ActiveCfg = Debug|x64
		{8502728E-9725-44B1-9000-0F86387FC082}.Debug|x64.Build.0 = Debug|x64
		{8502728E-9725-44B1-9000-0F86387FC082}.Debug|x86.ActiveCfg = Debug|Win32
		{8502728E-9725-44B1-9000-0F86387FC082}.Debug|x86.Build.0 = Debug|Win32
		{8502728E-9725-44B1-9000-0F86387FC082}.Release|x64.ActiveCfg = Release|x64
		{8502728E-9725-44B1-9000-0F86387FC082}.Release|x64.Build.0 = Release|x64
		{8502728E-9725-44B1-9000-0F86387FC082}.Release|x86.ActiveCfg = Release|Win32
		{8502728E-9725-44B1-9000-0F86387FC082}.Release|x86.Build.0 = Release|Win32
		{3B94C3CE-5E60-424F-9A44-FB3766488494}.Debug|x64.ActiveCfg = Debug|x64
		{3B94C3CE-5E60-424F-9A44-FB3766488494}.Debug|x64.Build.0 = Debug|x64
		{3B94C3CE-5E60-424F-9A44-FB3766488494}.Debug|x86.ActiveCfg = Debug|Win32
		{3B94C3CE-5E60-424F-9A44-FB3766488494}.Debug|x86.Build.0 = Debug|Win32
		{3B94C3CE-5E60-424F-9A44-FB3766488494}.Release|x64.ActiveCfg = Release|x64
		{3B94C3CE-5E60-424F-9A44-FB3766488494}.Release|x64.Build.0 = Release|x64
		{3B94C3CE-5E60-424F-9A44-FB3766488494}.Release|x86.ActiveCfg = Release|Win32
		{3B94C3CE-5E60-424F-9A44-FB3766488494}.Release|x86.Build.0 = Release|Win32
		{2083A18E-4307-4C12-BE42-CC401C4302AF}.Debug|x64.ActiveCfg = Debug|x64
		{2083A18E-4307-4C12-BE42-CC401C4302AF}.Debug|x64.Build.0 = Debug|x64
		{2083A18E-4307-4C12-BE42-CC401C4302AF}.Debug|x86.ActiveCfg = Debug|Win32
		{2083A18E-4307-4C12-BE42-CC401C4302AF}.Debug|x86.Build.0 = Debug|Win32
		{2083A18E-4307-4C12-BE42-CC401C4302AF}.Release|x64.ActiveCfg = Release|x64
		{2083A18E-4307-4C12-BE42-CC401C4302AF}.Release|x64.Build.0 = Release|x64
		{2083A18E-4307-4C12-BE42-CC401C4302AF}.Release|x86.ActiveCfg = Release|Win32
		{2083A18E-4307-4C12-BE42-CC401C4302AF}.Release|x86.Build.0 = Release|Win32
		{10B1AFD3-D0F2-4478-BD69-E6387FE67D4D}.Debug|x64.ActiveCfg = Debug|x64
		{10B1AFD3-D0F2-4478-BD69-E6387FE67D4D}.Debug|x64.Build.0 = Debug|x64
		{10B1AFD3-D0F2-4478-BD69-E6387FE67D4D}.Debug|x86.ActiveCfg = Debug|Win32
		{10B1AFD3-D0F2-4478-BD69-E6387FE67D4D}.Debug|x86.Build.0 = Debug|Win32
		{10B1AFD3-D0F2-4478-BD69-E6387FE67D4D}.Release|x64.ActiveCfg = Release|x64
		{10B1AFD3-D0F2-4478-BD69-E6387FE67D4D}.Release|x64.Build.0 = Release|x64
		{10B1AFD3-D0F2-4478-BD69-E6387FE67D4D}.Release|x86.ActiveCfg = Release|Win32
		{10B1AFD3-D0F2-4478-BD69-E6387FE67D4D}.Release|x86.Build.0 = Release|Win32
		{45DD30E0-2684-442C-9504-CD0DD1CB6001}.Debug|x64.ActiveCfg = Debug|x64
		{45DD30E0-2684-442C-9504-CD0DD1CB6001}.Debug|x64.Build.0 = Debug|x64
		{45DD30E0-2684-442C-9504-CD0DD1CB6001}.Debug|x86.ActiveCfg = Debug|Win32
		{45DD30E0-2684-442C-9504-CD0DD1CB6001}.Debug|x86.Build.0 = Debug|Win32
		{45DD30E0-2684-442C-9504-CD0DD1CB6001}.Release|x64.ActiveCfg = Release|x64
		{45DD30E0-2684-442C-9504-CD0DD1CB6001}.Release|x64.Build.0 = Release|x64
		{45DD30E0-2684-442C-9504-CD0DD1CB6001}.Release|x86.ActiveCfg = Release|Win32
		{45DD30E0-2684-442C-9504-CD0DD1CB6001}.Release|x86.Build.0 = Release|Win32
		{B9C6C4EF-3FA8-4EE7-ADC5-B449BC19CB6A}.Debug|x64.ActiveCfg = Debug|x64
		{B9C6C4EF-3FA8-4EE7-ADC5-B449BC19CB6A}.Debug|x64.Build.0 = Debug|x64
		{B9C6C4EF-3FA8-4EE7-ADC5-B449BC19CB6A}.Debug|x86.ActiveCfg = Debug|Win32
		{B9C6C4EF-3FA8-4EE7-ADC5-B449BC19CB6A}.Debug|x86.Build.0 = Debug|Win32
		{B9C6C4EF-3FA8-4EE7-ADC5-B449BC19CB6A}.Release|x64.ActiveCfg = Release|x64
		{B9C6C4EF-3FA8-4EE7-ADC5-B449BC19CB6A}.Release|x64.Build.0 = Release|x64
		{B9C6C4EF-3FA8-4EE7-ADC5-B449BC19CB6A}.Release|x86.ActiveCfg = Release|Win32
		{B9C6C4EF-3FA8-4EE7-ADC5-B449BC19CB6A}.Release|x86.Build.0 = Release|Win32
		{56917B25-72AC-4E19-8552-7DD53FBA9BFB}.Debug|x64.ActiveCfg = Debug|x64
		{56917B25-72AC-4E19-8552-7DD53FBA9BFB}.Debug|x64.Build.0 = Debug|x64
		{56917B25-72AC-4E19-8552-7DD53FBA9BFB}.Debug|x86.ActiveCfg = Debug|Win32
		{56917B25-72AC-4E19-8552-7DD53FBA9BFB}.Debug|x86.Build.0 = Debug|Win32
		{56917B25-72AC-4E19-8552-7DD53FBA9BFB}.Release|x64.ActiveCfg = Release|x64
		{56917B25-72AC-4E19-8552-7DD53FBA9BFB}.Release|x64.Build.0 = Release|x64
		{56917B25-72AC-4E19-8552-7DD53FBA9BFB}.Release|x86.ActiveCfg = Release|Win32
		{56917B25-72AC-4E19-8552-7DD53FBA9BFB}.Release|x86.Build.0 = Release|Win32
		{98B3A0A2-8487-44EA-AA0E-7DD86C91628D}.Debug|x64.ActiveCfg = Debug|x64
		{98B3A0A2-8487-44EA-AA0E-7DD86C91628D}.Debug|x64.Build.0 = Debug|x64
		{98B3A0A2-8487-44EA-AA0E-7DD86C91628D}.Debug|x86.ActiveCfg = Debug|Win32
		{98B3A0A2-8487-44EA-AA0E-7DD86C91628D}.Debug|x86.Build.0 = Debug|Win32
		{98B3A0A2-8487-44EA-AA0E-7DD86C91628D}.Release|x64.ActiveCfg = Release|x64
		{98B3A0A2-8487-44EA-AA0E-7DD86C91628D}.Release|x64.Build.0 = Release|x64
		{98B3A0A2-8487-44EA-AA0E-7DD86C91628D}.Release|x86.ActiveCfg = Release|Win32
		{98B3A0A2-8487-44EA-AA0E-7DD86C91628D}.Release|x86.Build.0 = Release|Win32
		{9FF4E1BD-96DD-42E2-87AE-3515C0F7C064}.Debug|x64.ActiveCfg = Debug|x64
		{9FF4E1BD-96DD-42E2-87AE-3515C0F7C064}.Debug|x64.Build.0 = Debug|x64
		{9FF4E1BD-96DD-42E2-87AE-3515C0F7C064}.Debug|x86.ActiveCfg = Debug|Win32
		{9FF4E1BD-96DD-42E2-87AE-3515C0F7C064}.Debug|x86.Build.0 = Debug|Win32
		{9FF4E1BD-96DD-42E2-87AE-3515C0F7C064}.Release|x64.ActiveCfg = Release|x64
		{9FF4E1BD-96DD-42E2-87AE-3515C0F7C064}.Release|x64.Build.0 = Release|x64
		{9FF4E1BD-96DD-42E2-87AE-3515C0F7C064}.Release|x86.ActiveCfg = Release|Win32
		{9FF4E1BD-96DD-42E2-87AE-3515C0F7C064}.Release|x86.Build.0 = Release|Win32
		{D28F2E3D-2A51-43B6-911A-5F8C1F807356}.Debug|x64.ActiveCfg = Debug|x64
		{D28F2E3D-2A51-43B6-911A-5F8C1F807356}.Debug|x64.Build.0 = Debug|x64
		{D28F2E3D-2A51-43B6-911A-5F8C1F807356}.Debug|x86.ActiveCfg = Debug|Win32
		{D28F2E3D-2A51-43B6-911A-5F8C1F807356}.Debug|x86.Build.0 = Debug|Win32
		{D28F2E3D-2A51-43B6-911A-5F8C1F807356}.Release|x64.ActiveCfg = Release|x64
		{D28F2E3D-2A51-43B6-911A-5F8C1F807356}.Release|x64.Build.0 = Release|x64
		{D28F2E3D-2A51-43B6-911A-5F8C1F807356}.Release|x86.ActiveCfg = Release|Win32
		{D28F2E3D-2A51-43B6-911A-5F8C1F807356}.Release|x86.Build.0 = Release|Win32
		{D3786F0A-6B2E-4089-AE9E-BCEDE603DF5D}.Debug|x64.ActiveCfg = Debug|x64
		{D3786F0A-6B2E-4089-AE9E-BCEDE603DF5D}.Debug|x64.Build.0 = Debug|x64
		{D3786F0A-6B2E-4089-AE9E-BCEDE603DF5D}.Debug|x86.ActiveCfg = Debug|Win32
		{D3786F0A-6B2E-4089-AE9E-BCEDE603DF5D}.Debug|x86.Build.0 = Debug|Win32
		{D3786F0A-6B2E-4089-AE9E-BCEDE603DF5D}.Release|x64.ActiveCfg = Release|x64
		{D3786F0A-6B2E-4089-AE9E-BCEDE603DF5D}.Release|x64.Build.0 = Release|x64
		{D3786F0A-6B2E-4089-AE9E-BCEDE603DF5D}.Release|x86.ActiveCfg = Release|Win32
		{D3786F0A-6B2E-4089-AE9E-BCEDE603DF5D}.Release|x86.Build.0 = Release|Win32
		{52C431D8-A0E5-4D7E-BA33-9B17D451C85C}.Debug|x64.ActiveCfg = Debug|x64
		{52C431D8-A0E5-4D7E-BA33-9B17D451C85C}.Debug|x64.Build.0 = Debug|x64
		{52C431D8-A0E5-4D7E-BA33-9B17D451C85C}.Debug|x86.ActiveCfg = Debug|Win32
		{52C431D8-A0E5-4D7E-BA33-9B17D451C85C}.Debug|x86.Build.0 = Debug|Win32
		{52C431D8-A0E5-4D7E-BA33-9B17D451C85C}.Release|x64.ActiveCfg = Release|x64
		{52C431D8-A0E5-4D7E-BA33-9B17D451C85C}.Release|x64.Build.0 = Release|x64
		{52C431D8-A0E5-4D7E-BA33-9B17D451C85C}.Release|x86.ActiveCfg = Release|Win32
		{52C431D8-A0E5-4D7E-BA33-9B17D451C85C}.Release|x86.Build.0 = Release|Win32
		{6D6AEFB9-70AE-4D48-AB11-232B8DE5DF36}.Debug|x64.ActiveCfg = Debug|x64
		{6D6AEFB9-70AE-4D48-AB11-232B8DE5DF36}.Debug|x64.Build.0 = Debug|x64
		{6D6AEFB9-70AE-4D48-AB11-232B8DE5DF36}.Debug|x86.ActiveCfg = Debug|Win32
		{6D6AEFB9-70AE-4D48-AB11-232B8DE5DF36}.Debug|x86.Build.0 = Debug|Win32
		{6D6AEFB9-70AE-4D48-AB11-232B8DE5DF36}.Release|x64.ActiveCfg = Release|x64
		{6D6AEFB9-70AE-4D48-AB11-232B8DE5DF36}.Release|x64.Build.0 = Release|x64
		{6D6AEFB9-70AE-4D48-AB11-232B8DE5DF36}.Release|x86.ActiveCfg = Release|Win32
		{6D6AEFB9-70AE-4D48-AB11-232B8DE5DF36}.Release|x86.Build.0 = Release|Win32
		{1843EBB0-E461-4C2C-B6C1-06D12BD6B778}.Debug|x64.ActiveCfg = Debug|x64
		{1843EBB0-E461-4C2C-B6C1-06D12BD6B778}.Debug|x64.Build.0 = Debug|x64
		{1843EBB0-E461-4C2C-B6C1-06D12BD6B778}.Debug|x86.ActiveCfg = Debug|Win32
		{1843EBB0-E461-4C2C-B6C1-06D12BD6B778}.Debug|x86.Build.0 = Debug|Win32
		{1843EBB0-E461-4C2C-B6C1-06D12BD6B778}.Release|x64.ActiveCfg = Release|x64
		{1843EBB0-E461-4C2C-B6C1-06D12BD6B778}.Release|x64.Build.0 = Release|x64
		{1843EBB0-E461-4C2C-B6C1-06D12BD6B778}.Release|x86.ActiveCfg = Release|Win32
		{1843EBB0-E461-4C2C-B6C1-06D12BD6B778}.Release|x86.Build.0 = Release|Win32
		{9C0514A0-DE2E-4B7A-86B7-AA2FFC82BB8F}.Debug|x64.ActiveCfg = Debug|x64
		{9C0514A0-DE2E-4B7A-86B7-AA2FFC82BB8F}.Debug|x64.Build.0 = Debug|x64
		{9C0514A0-DE2E-4B7A-86B7-AA2FFC82BB8F}.Debug|x86.ActiveCfg = Debug|Win32
		{9C0514A0-DE2E-4B7A-86B7-AA2FFC82BB8F}.Debug|x86.Build.0 = Debug|Win32
		{9C0514A0-DE2E-4B7A-86B7-AA2FFC82BB8F}.Release|x64.ActiveCfg = Release|x64
		{9C0514A0-DE2E-4B7A-86B7-AA2FFC82BB8F}.Release|x64.Build.0 = Release|x64
		{9C0514A0-DE2E-4B7A-86B7-AA2FFC82BB8F}.Release|x86.ActiveCfg = Release|Win32
		{9C0514A0-DE2E-4B7A-86B7-AA2FFC82BB8F}.Release|x86.Build.0 = Release|Win32
		{13038B3E-3C62-49A7-85D2-AEB299585D9D}.Debug|x64.ActiveCfg = Debug|x64
		{13038B3E-3C62-49A7-85D2-AEB299585D9D}.Debug|x64.Build.0 = Debug|x64
		{13038B3E-3C62-49A7-85D2-AEB299585D9D}.Debug|x86.ActiveCfg = Debug|Win32
		{13038B3E-3C62-49A7-85D2-AEB299585D9D}.Debug|x86.Build.0 = Debug|Win32
		{13038B3E-3C62-49A7-85D2-AEB299585D9D}.Release|x64.ActiveCfg = Release|x64
		{13038B3E-3C62-49A7-85D2-AEB299585D9D}.Release|x64.Build.0 = Release|x64
		{13038B3E-3C62-49A7-85D2-AEB299585D9D}.Release|x86.ActiveCfg = Release|Win32
		{13038B3E-3C62-49A7-85D2-AEB299585D9D}.Release|x86.Build.0 = Release|Win32
		{47D70874-5925-44AF-B9C3-7831C4B9A50A}.Debug|x64.ActiveCfg = Debug|x64
		{47D70874-5925-44AF-B9C3-7831C4B9A50A}.Debug|x64.Build.0 = Debug|x64
		{47D70874-5925-44AF-B9C3-7831C4B9A50A}.Debug|x86.ActiveCfg = Debug|Win32
		{47D70874-5925-44AF-B9C3-7831C4B9A50A}.Debug|x86.Build.0 = Debug|Win32
		{47D70874-5925-44AF-B9C3-7831C4B9A50A}.Release|x64.ActiveCfg = Release|x64
		{47D70874-5925-44AF-B9C3-7831C4B9A50A}.Release|x64.Build.0 = Release|x64
		{47D70874-5925-44AF-B9C3-7831C4B9A50A}.Release|x86.ActiveCfg = Release|Win32
		{47D70874-5925-44AF-B9C3-7831C4B9A50A}.Release|x86.Build.0 = Release|Win32
		{AA8B586E-9973-4072-A653-F94D6E506431}.Debug|x64.ActiveCfg = Debug|x64
		{AA8B586E-9973-4072-A653-F94D6E506431}.Debug|x64.Build.0 = Debug|x64
		{AA8B586E-9973-4072-A653-F94D6E506431}.Debug|x86.ActiveCfg = Debug|Win32
		{AA8B586E-9973-4072-A653-F94D6E506431}.Debug|x86.Build.0 = Debug|Win32
		{AA8B586E-9973-4072-A653-F94D6E506431}.Release|x64.ActiveCfg = Release|x64
		{AA8B586E-9973-4072-A653-F94D6E506431}.Release|x64.Build.0 = Release|x64
		{AA8B586E-9973-4072-A653-F94D6E506431}.Release|x86.ActiveCfg = Release|Win32
		{AA8B586E-9973-4072-A653-F94D6E506431}.Release|x86.Build.0 = Release|Win32
		{D9EC3541-B29F-4FD1-94C5-C7BE3D60E64E}.Debug|x64.ActiveCfg = Debug|x64
		{D9EC3541-B29F-4FD1-94C5-C7BE3D60E64E}.Debug|x64.Build.0 = Debug|x64
		{D9EC3541-B29F-4FD1-94C5-C7BE3D60E64E}.Debug|x86.ActiveCfg = Debug|Win32
		{D9EC3541-B29F-4FD1-94C5-C7BE3D60E64E}.Debug|x86.Build.0 = Debug|Win32
		{D9EC3541-B29F-4FD1-94C5-C7BE3D60E64E}.Release|x64.ActiveCfg = Release|x64
		{D9EC3541-B29F-4FD1-94C5-C7BE3D60E64E}.Release|x64.Build.0 = Release|x64
		{D9EC3541-B29F-4FD1-94C5-C7BE3D60E64E}.Release|x86.ActiveCfg = Release|Win32
		{D9EC3541-B29F-4FD1-94C5-C7BE3D60E64E}.Release|x86.Build.0 = Release|Win32
		{C6AD6AA0-D628-452F-8EFA-2A2B11C65FF7}.Debug|x64.ActiveCfg = Debug|x64
		{C6AD6AA0-D628-452F-8EFA-2A2B11C65FF7}.Debug|x64.Build.0 = Debug|x64
		{C6AD6AA0-D628-452F-8EFA-2A2B11C65FF7}.Debug|x86.ActiveCfg = Debug|Win32
		{C6AD6AA0-D628-452F-8EFA-2A2B11C65FF7}.Debug|x86.Build.0 = Debug|Win32
		{C6AD6AA0-D628-452F-8EFA-2A2B11C65FF7}.Release|x64.ActiveCfg = Release|x64
		{C6AD6AA0-D628-452F-8EFA-2A2B11C65FF7}.Release|x64.Build.0 = Release|x64
		{C6AD6AA0-D628-452F-8EFA-2A2B11C65FF7}.Release|x86.ActiveCfg = Release|Win32
		{C6AD6AA0-D628-452F-8EFA-2A2B11C65FF7}.Release|x86.Build.0 = Release|Win32
		{FC053A05-5D20-42CB-9854-25E65FD29DB8}.Debug|x64.ActiveCfg = Debug|x64
		{FC053A05-5D20-42CB-9854-25E65FD29DB8}.Debug|x64.Build.0 = Debug|x64
		{FC053A05-5D20-42CB-9854-25E65FD29DB8}.Debug|x86.ActiveCfg = Debug|Win32
		{FC053A05-5D20-42CB-9854-25E65FD29DB8}.Debug|x86.Build.0 = Debug|Win32
		{FC053A05-5D20-42CB-9854-25E65FD29DB8}.Release|x64.ActiveCfg = Release|x64
		{FC053A05-5D20-42CB-9854-25E65FD29DB8}.Release|x64.Build.0 = Release|x64
		{FC053A05-5D20-42CB-9854-25E65FD29DB8}.Release|x86.ActiveCfg = Release|Win32
		{FC053A05-5D20-42CB-9854-25E65FD29DB8}.Release|x86.Build.0 = Release|Win32
		{6DAE73CB-40A1-4F4E-92A0-D7DF010678F7}.Debug|x64.ActiveCfg = Debug|x64
		{6DAE73CB-40A1-4F4E-92A0-D7DF010678F7}.Debug|x64.Build.0 = Debug|x64
		{6DAE73CB-40A1-4F4E-92A0-D7DF010678F7}.Debug|x86.ActiveCfg = Debug|Win32
		{6DAE73CB-40A1-4F4E-92A0-D7DF010678F7}.Debug|x86.Build.0 = Debug|Win32
		{6DAE73CB-40A1-4F4E-92A0-D7DF010678F7}.Release|x64.ActiveCfg = Release|x64
		{6DAE73CB-40A1-4F4E-92A0-D7DF010678F7}.Release|x64.Build.0 = Release|x64
		{6DAE73CB-40A1-4F4E-92A0-D7DF010678F7}.Release|x86.ActiveCfg = Release|Win32
		{6DAE73CB-40A1-4F4E-92A0-D7DF010678F7}.Release|x86.Build.0 = Release|Win32
		{99BC0B47-F9A5-4428-8C36-C669F3B73EBC}.Debug|x64.ActiveCfg = Debug|x64
		{99BC0B47-F9A5-4428-8C36-C669F3B73EBC}.Debug|x64.Build.0 = Debug|x64
		{99BC0B47-F9A5-4428-8C36-C669F3B73EBC}.Debug|x86.ActiveCfg = Debug|Win32
		{99BC0B47-F9A5-4428-8C36-C669F3B73EBC}.Debug|x86.Build.0 = Debug|Win32
		{99BC0B47-F9A5-4428-8C36-C669F3B73EBC}.Release|x64.ActiveCfg = Release|x64
		{99BC0B47-F9A5-4428-8C36-C669F3B73EBC}.Release|x64.Build.0 = Release|x64
		{99BC0B47-F9A5-4428-8C36-C669F3B73EBC}.Release|x86.ActiveCfg = Release|Win32
		{99BC0B47-F9A5-4428-8C36-C669F3B73EBC}.Release|x86.Build.0 = Release|Win32
		{5B8D7A60-E319-44F0-9C25-86959604DB7B}.Debug|x64.ActiveCfg = Debug|x64
		{5B8D7A60-E319-44F0-9C25-86959604DB7B}.Debug|x64.Build.0 = Debug|x64
		{5B8D7A60-E319-44F0-9C25-86959604DB7B}.Debug|x86.ActiveCfg = Debug|Win32
		{5B8D7A60-E319-44F0-9C25-86959604DB7B}.Debug|x86.Build.0 = Debug|Win32
		{5B8D7A60-E319-44F0-9C25-86959604DB7B}.Release|x64.ActiveCfg = Release|x64
		{5B8D7A60-E319-44F0-9C25-86959604DB7B}.Release|x64.Build.0 = Release|x64
		{5B8D7A60-E319-44F0-9C25-86959604DB7B}.Release|x86.ActiveCfg = Release|Win32
		{5B8D7A60-E319-44F0-9C25-86959604DB7B}.Release|x86.Build.0 = Release|Win32
		{B601EB73-2C62-4ADB-A938-3712D34083E6}.Debug|x64.ActiveCfg = Debug|x64
		{B601EB73-2C62-4ADB-A938-3712D34083E6}.Debug|x64.Build.0 = Debug|x64
		{B601EB73-2C62-4ADB-A938-3712D34083E6}.Debug|x86.ActiveCfg = Debug|Win32
		{B601EB73-2C62-4ADB-A938-3712D34083E6}.Debug|x86.Build.0 = Debug|Win32
		{B601EB73-2C62-4ADB-A938-3712D34083E6}.Release|x64.ActiveCfg = Release|x64
		{B601EB73-2C62-4ADB-A938-3712D34083E6}.Release|x64.Build.0 = Release|x64
		{B601EB73-2C62-4ADB-A938-3712D34083E6}.Release|x86.ActiveCfg = Release|Win32
		{B601EB73-2C62-4ADB-A938-3712D34083E6}.Release|x86.Build.0 = Release|Win32
		{AB6F953B-E458-47D7-B185-B923EFAA7858}.Debug|x64.ActiveCfg = Debug|x64
		{AB6F953B-E458-47D7-B185-B923EFAA7858}.Debug|x64.Build.0 = Debug|x64
		{AB6F953B-E458-47D7-B185-B923EFAA7858}.Debug|x86.ActiveCfg = Debug|Win32
		{AB6F953B-E458-47D7-B185-B923EFAA7858}.Debug|x86.Build.0 = Debug|Win32
		{AB6F953B-E458-47D7-B185-B923EFAA7858}.Release|x64.ActiveCfg = Release|x64
		{AB6F953B-E458-47D7-B185-B923EFAA7858}.Release|x64.Build.0 = Release|x64
		{AB6F953B-E458-47D7-B185-B923EFAA7858}.Release|x86.ActiveCfg = Release|Win32
		{AB6F953B-E458-47D7-B185-B923EFAA7858}.Release|x86.Build.0 = Release|Win32
		{72255313-59F3-4DAC-BA34-F7F9216ECFBF}.Debug|x64.ActiveCfg = Debug|x64
		{72255313-59F3-4DAC-BA34-F7F9216ECFBF}.Debug|x64.Build.0 = Debug|x64
		{72255313-59F3-4DAC-BA34-F7F9216ECFBF}.Debug|x86.ActiveCfg = Debug|Win32
		{72255313-59F3-4DAC-BA34-F7F9216ECFBF}.Debug|x86.Build.0 = Debug|Win32
		{72255313-59F3-4DAC-BA34-F7F9216ECFBF}.Release|x64.ActiveCfg = Release|x64
		{72255313-59F3-4DAC-BA34-F7F9216ECFBF}.Release|x64.Build.0 = Release|x64
		{72255313-59F3-4DAC-BA34-F7F9216ECFBF}.Release|x86.ActiveCfg = Release|Win32
		{72255313-59F3-4DAC-BA34-F7F9216ECFBF}.Release|x86.Build.0 = Release|Win32
		{284C0388-7DD5-4FED-A8C4-594F71607C76}.Debug|x64.ActiveCfg = Debug|x64
		{284C0388-7DD5-4FED-A8C4-594F71607C76}.Debug|x64.Build.0 = Debug|x64
		{284C0388-7DD5-4FED-A8C4-594F71607C76}.Debug|x86.ActiveCfg = Debug|Win32
		{284C0388-7DD5-4FED-A8C4-594F71607C76}.Debug|x86.Build.0 = Debug|Win32
		{284C0388-7DD5-4FED-A8C4-594F71607C76}.Release|x64.ActiveCfg = Release|x64
		{284C0388-7DD5-4FED-A8C4-594F71607C76}.Release|x64.Build.0 = Release|x64
		{284C0388-7DD5-4FED-A8C4-594F71607C76}.Release|x86.ActiveCfg = Release|Win32
		{284C0388-7DD5-4FED-A8C4-594F71607C76}.Release|x86.Build.0 = Release|Win32
		{E92094A8-99F2-44F6-B620-2C8C73845069}.Debug|x64.ActiveCfg = Debug|x64
		{E92094A8-99F2-44F6-B620-2C8C73845069}.Debug|x64.Build.0 = Debug|x64
		{E92094A8-99F2-44F6-B620-2C8C73845069}.Debug|x86.ActiveCfg = Debug|Win32
		{E92094A8-99F2-44F6-B620-2C8C73845069}.Debug|x86.Build.0 = Debug|Win32
		{E92094A8-99F2-44F6-B620-2C8C73845069}.Release|x64.ActiveCfg = Release|x64
		{E92094A8-99F2-44F6-B620-2C8C73845069}.Release|x64.Build.0 = Release|x64
		{E92094A8-99F2-44F6-B620-2C8C73845069}.Release|x86.ActiveCfg = Release|Win32
		{E92094A8-99F2-44F6-B620-2C8C73845069}.Release|x86.Build.0 = Release|Win32
		{268D6927-E4D1-4A17-9419-34C736C623A3}.Debug|x64.ActiveCfg = Debug|x64
		{268D6927-E4D1-4A17-9419-34C736C623A3}.Debug|x64.Build.0 = Debug|x64
		{268D6927-E4D1-4A17-9419-34C736C623A3}.Debug|x86.ActiveCfg = Debug|Win32
		{268D6927-E4D1-4A17-9419-34C736C623A3}.Debug|x86.Build.0 = Debug|Win32
		{268D6927-E4D1-4A17-9419-34C736C623A3}.Release|x64.ActiveCfg = Release|x64
		{268D6927-E4D1-4A17-9419-34C736C623A3}.Release|x64.Build.0 = Release|x64
		{268D6927-E4D1-4A17-9419-34C736C623A3}.Release|x86.ActiveCfg = Release|Win32
		{268D6927-E4D1-4A17-9419-34C736C623A3}.Release|x86.Build.0 = Release|Win32
		{F0EEEADE-AFA2-4986-AB4B-CCF7735A9AB0}.Debug|x64.ActiveCfg = Debug|x64
		{F0EEEADE-AFA2-4986-AB4B-CCF7735A9AB0}.Debug|x64.Build.0 = Debug|x64
		{F0EEEADE-AFA2-4986-AB4B-CCF7735A9AB0}.Debug|x86.ActiveCfg = Debug|Win32
		{F0EEEADE-AFA2-4986-AB4B-CCF7735A9AB0}.Debug|x86.Build.0 = Debug|Win32
		{F0EEEADE-AFA2-4986-AB4B-CCF7735A9AB0}.Release|x64.ActiveCfg = Release|x64
		{F0EEEADE-AFA2-4986-AB4B-CCF7735A9AB0}.Release|x64.Build.0 = Release|x64
		{F0EEEADE-AFA2-4986-AB4B-CCF7735A9AB0}.Release|x86.ActiveCfg = Release|Win32
		{F0EEEADE-AFA2-4986-AB4B-CCF7735A9AB0}.Release|x86.Build.0 = Release|Win32
		{2AD964CD-43EA-4A06-A74E-9AEF746EDA7B}.Debug|x64.ActiveCfg = Debug|x64
		{2AD964CD-43EA-4A06-A74E-9AEF746EDA7B}.Debug|x64.Build.0 = Debug|x64
		{2AD964CD-43EA-4A06-A74E-9AEF746EDA7B}.Debug|x86.ActiveCfg = Debug|Win32
		{2AD964CD-43EA-4A06-A74E-9AEF746EDA7B}.Debug|x86.Build.0 = Debug|Win32
		{2AD964CD-43EA-4A06-A74E-9AEF746EDA7B}.Release|x64.ActiveCfg = Release|x64
		{2AD964CD-43EA-4A06-A74E-9AEF746EDA7B}.Release|x64.Build.0 = Release|x64
		{2AD964CD-43EA-4A06-A74E-9AEF746EDA7B}.Release|x86.ActiveCfg = Release|Win32
		{2AD964CD-43EA-4A06-A74E-9AEF746EDA7B}.Release|x86.Build.0 = Release|Win32
		{74B12EEA-301B-444B-8CB4-6700896FD5FF}.Debug|x64.ActiveCfg = Debug|x64
		{74B12EEA-301B-444B-8CB4-6700896FD5FF}.Debug|x64.Build.0 = Debug|x64
		{74B12EEA-301B-444B-8CB4-6700896FD5FF}.Debug|x86.ActiveCfg = Debug|Win32
		{74B12EEA-301B-444B-8CB4-6700896FD5FF}.Debug|x86.Build.0 = Debug|Win32
		{74B12EEA-301B-444B-8CB4-6700896FD5FF}.Release|x64.ActiveCfg = Release|x64
		{74B12EEA-301B-444B-8CB4-6700896FD5FF}.Release|x64.Build.0 = Release|x64
		{74B12EEA-301B-444B-8CB4-6700896FD5FF}.Release|x86.ActiveCfg = Release|Win32
		{74B12EEA-301B-444B-8CB4-6700896FD5FF}.Release|x86.Build.0 = Release|Win32
		{0A17089F-DDFE-4A3F-B16D-B4C2679A00C7}.Debug|x64.ActiveCfg = Debug|x64
		{0A17089F-DDFE-4A3F-B16D-B4C2679A00C7}.Debug|x64.Build.0 = Debug|x64
		{0A17089F-DDFE-4A3F-B16D-B4C2679A00C7}.Debug|x86.ActiveCfg = Debug|Win32
		{0A17089F-DDFE-4A3F-B16D-B4C2679A00C7}.Debug|x86.Build.0 = Debug|Win32
		{0A17089F-DDFE-4A3F-B16D-B4C2679A00C7}.Release|x64.ActiveCfg = Release|x64
		{0A17089F-DDFE-4A3F-B16D-B4C2679A00C7}.Release|x64.Build.0 = Release|x64
		{0A17089F-DDFE-4A3F-B16D-B4C2679A00C7}.Release|x86.ActiveCfg = Release|Win32
		{0A17089F-DDFE-4A3F-B16D-B4C2679A00C7}.Release|x86.Build.0 = Release|Win32
		{923DD069-2A6C-4C32-A951-57653C7CA806}.Debug|x64.ActiveCfg = Debug|x64
		{923DD069-2A6C-4C32-A951-57653C7CA806}.Debug|x64.Build.0 = Debug|x64
		{923DD069-2A6C-4C32-A951-57653C7CA806}.Debug|x86.ActiveCfg = Debug|Win32
		{923DD069-2A6C-4C32-A951-57653C7CA806}.Debug|x86.Build.0 = Debug|Win32
		{923DD069-2A6C-4C32-A951-57653C7CA806}.Release|x64.ActiveCfg = Release|x64
		{923DD069-2A6C-4C32-A951-57653C7CA806}.Release|x64.Build.0 = Release|x64
		{923DD069-2A6C-4C32-A951-57653C7CA806}.Release|x86.ActiveCfg = Release|Win32
		{923DD069-2A6C-4C32-A951-57653C7CA806}.Release|x86.Build.0 = Release|Win32
		{9B13D49B-A4A7-44BC-9394-E92700841885}.Debug|x64.ActiveCfg = Debug|x64
		{9B13D49B-A4A7-44BC-9394-E92700841885}.Debug|x64.Build.0 = Debug|x64
		{9B13D49B-A4A7-44BC-9394-E92700841885}.Debug|x86.ActiveCfg = Debug|Win32
		{9B13D49B-A4A7-44BC-9394-E92700841885}.Debug|x86.Build.0 = Debug|Win32
		{9B13D49B-A4A7-44BC-9394-E92700841885}.Release|x64.ActiveCfg = Release|x64
		{9B13D49B-A4A7-44BC-9394-E92700841885}.Release|x64.Build.0 = Release|x64
		{9B13D49B-A4A7-44BC-9394-E92700841885}.Release|x86.ActiveCfg = Release|Win32
		{9B13D49B-A4A7-44BC-9394-E92700841885}.Release|x86.Build.0 = Release|Win32
		{F3D1DF61-2A19-4CBD-B6C8-2A1295E121A4}.Debug|x64.ActiveCfg = Debug|x64
		{F3D1DF61-2A19-4CBD-B6C8-2A1295E121A4}.Debug|x64.Build.0 = Debug|x64
		{F3D1DF61-2A19-4CBD-B6C8-2A1295E121A4}.Debug|x86.ActiveCfg = Debug|Win32
		{F3D1DF61-2A19-4CBD-B6C8-2A1295E121A4}.Debug|x86.Build.0 = Debug|Win32
		{F3D1DF61-2A19-4CBD-B6C8-2A1295E121A4}.Release|x64.ActiveCfg = Release|x64
		{F3D1DF61-2A19-4CBD-B6C8-2A1295E121A4}.Release|x64.Build.0 = Release|x64
		{F3D1DF61-2A19-4CBD-B6C8-2A1295E121A4}.Release|x86.ActiveCfg = Release|Win32
		{F3D1DF61-2A19-4CBD-B6C8-2A1295E121A4}.Release|x86.Build.0 = Release|Win32
		{C24C4392-FC34-491D-8EEF-40540B90D3AD}.Debug|x64.ActiveCfg = Debug|x64
		{C24C4392-FC34-491D-8EEF-40540B90D3AD}.Debug|x64.Build.0 = Debug|x64
		{C24C4392-FC34-491D-8EEF-40540B90D3AD}.Debug|x86.ActiveCfg = Debug|Win32
		{C24C4392-FC34-491D-8EEF-40540B90D3AD}.Debug|x86.Build.0 = Debug|Win32
		{C24C4392-FC34-491D-8EEF-40540B90D3AD}.Release|x64.ActiveCfg = Release|x64
		{C24C4392-FC34-491D-8EEF-40540B90D3AD}.Release|x64.Build.0 = Release|x64
		{C24C4392-FC34-491D-8EEF-40540B90D3AD}.Release|x86.ActiveCfg = Release|Win32
		{C24C4392-FC34-491D-8EEF-40540B90D3AD}.Release|x86.Build.0 = Release|Win32
		{335B02DA-5426-4E00-8BAC-9EEC3D4A9CDE}.Debug|x64.ActiveCfg = Debug|x64
		{335B02DA-5426-4E00-8BAC-9EEC3D4A9CDE}.Debug|x64.Build.0 = Debug|x64
		{335B02DA-5426-4E00-8BAC-9EEC3D4A9CDE}.Debug|x86.ActiveCfg = Debug|Win32
		{335B02DA-5426-4E00-8BAC-9EEC3D4A9CDE}.Debug|x86.Build.0 = Debug|Win32
		{335B02DA-5426-4E00-8BAC-9EEC3D4A9CDE}.Release|x64.ActiveCfg = Release|x64
		{335B02DA-5426-4E00-8BAC-9EEC3D4A9CDE}.Release|x64.Build.0 = Release|x64
		{335B02DA-5426-4E00-8BAC-9EEC3D4A9CDE}.Release|x86.ActiveCfg = Release|Win32
		{335B02DA-5426-4E00-8BAC-9EEC3D4A9CDE}.Release|x86.Build.0 = Release|Win32
		{AEC05EF5-19A0-4B67-AD3D-38F538F7910F}.Debug|x64.ActiveCfg = Debug|x64
		{AEC05EF5-19A0-4B67-AD3D-38F538F7910F}.Debug|x64.Build.0 = Debug|x64
		{AEC05EF5-19A0-4B67-AD3D-38F538F7910F}.Debug|x86.ActiveCfg = Debug|Win32
		{AEC05EF5-19A0-4B67-AD3D-38F538F7910F}.Debug|x86.Build.0 = Debug|Win32
		{AEC05EF5-19A0-4B67-AD3D-38F538F7910F}.Release|x64.ActiveCfg = Release|x64
		{AEC05EF5-19A0-4B67-AD3D-38F538F7910F}.Release|x64.Build.0 = Release|x64
		{AEC05EF5-19A0-4B67-AD3D-38F538F7910F}.Release|x86.ActiveCfg = Release|Win32
		{AEC05EF5-19A0-4B67-AD3D-38F538F7910F}.Release|x86.Build.0 = Release|Win32
		{BA71276B-685A-43A8-A335-8161CEFBF159}.Debug|x64.ActiveCfg = Debug|x64
		{BA71276B-685A-43A8-A335-8161CEFBF159}.Debug|x64.Build.0 = Debug|x64
		{BA71276B-685A-43A8-A335-8161CEFBF159}.Debug|x86.ActiveCfg = Debug|Win32
		{BA71276B-685A-43A8-A335-8161CEFBF159}.Debug|x86.Build.0 = Debug|Win32
		{BA71276B-685A-43A8-A335-8161CEFBF159}.Release|x64.ActiveCfg = Release|x64
		{BA71276B-685A-43A8-A335-8161CEFBF159}.Release|x64.Build.0 = Release|x64
		{BA71276B-685A-43A8-A335-8161CEFBF159}.Release|x86.ActiveCfg = Release|Win32
		{BA71276B-685A-43A8-A335-8161CEFBF159}.Release|x86.Build.0 = Release|Win32
		{4E54A1EF-85F7-41AF-8F19-847EB9F628D1}.Debug|x64.ActiveCfg = Debug|x64
		{4E54A1EF-85F7-41AF-8F19-847EB9F628D1}.Debug|x64.Build.0 = Debug|x64
		{4E54A1EF-85F7-41AF-8F19-847EB9F628D1}.Debug|x86.ActiveCfg = Debug|Win32
		{4E54A1EF-85F7-41AF-8F19-847EB9F628D1}.Debug|x86.Build.0 = Debug|Win32
		{4E54A1EF-85F7-41AF-8F19-847EB9F628D1}.Release|x64.ActiveCfg = Release|x64
		{4E54A1EF-85F7-41AF-8F19-847EB9F628D1}.Release|x64.Build.0 = Release|x64
		{4E54A1EF-85F7-41AF-8F19-847EB9F628D1}.Release|x86.ActiveCfg = Release|Win32
		{4E54A1EF-85F7-41AF-8F19-847EB9F628D1}.Release|x86.Build.0 = Release|Win32
		{AD7E515C-14C7-4F6A-9C4D-F19ED8ECD5BB}.Debug|x64.ActiveCfg = Debug|x64
		{AD7E515C-14C7-4F6A-9C4D-F19ED8ECD5BB}.Debug|x64.Build.0 = Debug|x64
		{AD7E515C-14C7-4F6A-9C4D-F19ED8ECD5BB}.Debug|x86.ActiveCfg = Debug|Win32
		{AD7E515C-14C7-4F6A-9C4D-F19ED8ECD5BB}.Debug|x86.Build.0 = Debug|Win32
		{AD7E515C-14C7-4F6A-9C4D-F19ED8ECD5BB}.Release|x64.ActiveCfg = Release|x64
		{AD7E515C-14C7-4F6A-9C4D-F19ED8ECD5BB}.Release|x64.Build.0 = Release|x64
		{AD7E515C-14C7-4F6A-9C4D-F19ED8ECD5BB}.Release|x86.ActiveCfg = Release|Win32
		{AD7E515C-14C7-4F6A-9C4D-F19ED8ECD5BB}.Release|x86.Build.0 = Release|Win32
		{3F03F6D9-2B59-40C7-9BE2-73DC7CED1623}.Debug|x64.ActiveCfg = Debug|x64
		{3F03F6D9-2B59-40C7-9BE2-73DC7CED1623}.Debug|x64.Build.0 = Debug|x64
		{3F03F6D9-2B59-40C7-9BE2-73DC7CED1623}.Debug|x86.ActiveCfg = Debug|Win32
		{3F03F6D9-2B59-40C7-9BE2-73DC7CED1623}.Debug|x86.Build.0 = Debug|Win32
		{3F03F6D9-2B59-40C7-9BE2-73DC7CED1623}.Release|x64.ActiveCfg = Release|x64
		{3F03F6D9-2B59-40C7-9BE2-73DC7CED1623}.Release|x64.Build.0 = Release|x64
		{3F03F6D9-2B59-40C7-9BE2-73DC7CED1623}.Release|x86.ActiveCfg = Release|Win32
		{3F03F6D9-2B59-40C7-9BE2-73DC7CED1623}.Release|x86.Build.0 = Release|Win32
		{2235621C-E8F9-4C73-9D7F-F9D7AD25498A}.Debug|x64.ActiveCfg = Debug|x64
		{2235621C-E8F9-4C73-9D7F-F9D7AD25498A}.Debug|x64.Build.0 = Debug|x64
		{2235621C-E8F9-4C73-9D7F-F9D7AD25498A}.Debug|x86.ActiveCfg = Debug|Win32
		{2235621C-E8F9-4C73-9D7F-F9D7AD25498A}.Debug|x86.Build.0 = Debug|Win32
		{2235621C-E8F9-4C73-9D7F-F9D7AD25498A}.Release|x64.ActiveCfg = Release|x64
		{2235621C-E8F9-4C73-9D7F-F9D7AD25498A}.Release|x64.Build.0 = Release|x64
		{2235621C-E8F9-4C73-9D7F-F9D7AD25498A}.Release|x86.ActiveCfg = Release|Win32
		{2235621C-E8F9-4C73-9D7F-F9D7AD25498A}.Release|x86.Build.0 = Release|Win32
		{B383E5C4-F01F-4874-932C-51B369427265}.Debug|x64.ActiveCfg = Debug|x64
		{B383E5C4-F01F-4874-932C-51B369427265}.Debug|x64.Build.0 = Debug|x64
		{B383E5C4-F01F-4874-932C-51B369427265}.Debug|x86.ActiveCfg = Debug|Win32
		{B383E5C4-F01F-4874-932C-51B369427265}.Debug|x86.Build.0 = Debug|Win32
		{B383E5C4-F01F-4874-932C-51B369427265}.Release|x64.ActiveCfg = Release|x64
		{B383E5C4-F01F-4874-932C-51B369427265}.Release|x64.Build.0 = Release|x64
		{B383E5C4-F01F-4874-932C-51B369427265}.Release|x86.ActiveCfg = Release|Win32
		{B383E5C4-F01F-4874-932C-51B369427265}.Release|x86.Build.0 = Release|Win32
		{D1A4BDD4-B239-430B-831C-C75B081049E3}.Debug|x64.ActiveCfg = Debug|x64
		{D1A4BDD4-B239-430B-831C-C75B081049E3}.Debug|x64.Build.0 = Debug|x64
		{D1A4BDD4-B239-430B-831C-C75B081049E3}.Debug|x86.ActiveCfg = Debug|Win32
		{D1A4BDD4-B239-430B-831C-C75B081049E3}.Debug|x86.Build.0 = Debug|Win32
		{D1A4BDD4-B239-430B-831C-C75B081049E3}.Release|x64.ActiveCfg = Release|x64
		{D1A4BDD4-B239-430B-831C-C75B081049E3}.Release|x64.Build.0 = Release|x64
		{D1A4BDD4-B239-430B-831C-C75B081049E3}.Release|x86.ActiveCfg = Release|Win32
		{D1A4BDD4-B239-430B-831C-C75B081049E3}.Release|x86.Build.0 = Release|Win32
		{D0D3F621-BD52-4033-9904-B541C075E9B6}.Debug|x64.ActiveCfg = Debug|x64
		{D0D3F621-BD52-4033-9904-B541C075E9B6}.Debug|x64.Build.0 = Debug|x64
		{D0D3F621-BD52-4033-9904-B541C075E9B6}.Debug|x86.ActiveCfg = Debug|Win32
		{D0D3F621-BD52-4033-9904-B541C075E9B6}.Debug|x86.Build.0 = Debug|Win32
		{D0D3F621-BD52-4033-9904-B541C075E9B6}.Release|x64.ActiveCfg = Release|x64
		{D0D3F621-BD52-4033-9904-B541C075E9B6}.Release|x64.Build.0 = Release|x64
		{D0D3F621-BD52-4033-9904-B541C075E9B6}.Release|x86.ActiveCfg = Release|Win32
		{D0D3F621-BD52-4033-9904-B541C075E9B6}.Release|x86.Build.0 = Release|Win32
		{CB43E36D-D520-4BBE-8431-A885DE84E157}.Debug|x64.ActiveCfg = Debug|x64
		{CB43E36D-D520-4BBE-8431-A885DE84E157}.Debug|x64.Build.0 = Debug|x64
		{CB43E36D-D520-4BBE-8431-A885DE84E157}.Debug|x86.ActiveCfg = Debug|Win32
		{CB43E36D-D520-4BBE-8431-A885DE84E157}.Debug|x86.Build.0 = Debug|Win32
		{CB43E36D-D520-4BBE-8431-A885DE84E157}.Release|x64.ActiveCfg = Release|x64
		{CB43E36D-D520-4BBE-8431-A885DE84E157}.Release|x64.Build.0 = Release|x64
		{CB43E36D-D520-4BBE-8431-A885DE84E157}.Release|x86.ActiveCfg = Release|Win32
		{CB43E36D-D520-4BBE-8431-A885DE84E157}.Release|x86.Build.0 = Release|Win32
		{454E42D1-0FE9-4A40-BE00-9FC28A94F2F1}.Debug|x64.ActiveCfg = Debug|x64
		{454E42D1-0FE9-4A40-BE00-9FC28A94F2F1}.Debug|x64.Build.0 = Debug|x64
		{454E42D1-0FE9-4A40-BE00-9FC28A94F2F1}.Debug|x86.ActiveCfg = Debug|Win32
		{454E42D1-0FE9-4A40-BE00-9FC28A94F2F1}.Debug|x86.Build.0 = Debug|Win32
		{454E42D1-0FE9-4A40-BE00-9FC28A94F2F1}.Release|x64.ActiveCfg = Release|x64
		{454E42D1-0FE9-4A40-BE00-9FC28A94F2F1}.Release|x64.Build.0 = Release|x64
		{454E42D1-0FE9-4A40-BE00-9FC28A94F2F1}.Release|x86.ActiveCfg = Release|Win32
		{454E42D1-0FE9-4A40-BE00-9FC28A94F2F1}.Release|x86.Build.0 = Release|Win32
		{38BD1D89-B033-425C-9E88-301F3A357E2F}.Debug|x64.ActiveCfg = Debug|x64
		{38BD1D89-B033-425C-9E88-301F3A357E2F}.Debug|x64.Build.0 = Debug|x64
		{38BD1D89-B033-425C-9E88-301F3A357E2F}.Debug|x86.ActiveCfg = Debug|Win32
		{38BD1D89-B033-425C-9E88-301F3A357E2F}.Debug|x86.Build.0 = Debug|Win32
		{38BD1D89-B033-425C-9E88-301F3A357E2F}.Release|x64.ActiveCfg = Release|x64
		{38BD1D89-B033-425C-9E88-301F3A357E2F}.Release|x64.Build.0 = Release|x64
		{38BD1D89-B033-425C-9E88-301F3A357E2F}.Release|x86.ActiveCfg = Release|Win32
		{38BD1D89-B033-425C-9E88-301F3A357E2F}.Release|x86.Build.0 = Release|Win32
		{693BE068-09D7-4CCA-8C77-6777AE261AE0}.Debug|x64.ActiveCfg = Debug|x64
		{693BE068-09D7-4CCA-8C77-6777AE261AE0}.Debug|x64.Build.0 = Debug|x64
		{693BE068-09D7-4CCA-8C77-6777AE261AE0}.Debug|x86.ActiveCfg = Debug|Win32
		{693BE068-09D7-4CCA-8C77-6777AE261AE0}.Debug|x86.Build.0 = Debug|Win32
		{693BE068-09D7-4CCA-8C77-6777AE261AE0}.Release|x64.ActiveCfg = Release|x64
		{693BE068-09D7-4CCA-8C77-6777AE261AE0}.Release|x64.Build.0 = Release|x64
		{693BE068-09D7-4CCA-8C77-6777AE261AE0}.Release|x86.ActiveCfg = Release|Win32
		{693BE068-09D7-4CCA-8C77-6777AE261AE0}.Release|x86.Build.0 = Release|Win32
		{FB2BA581-7374-4157-8B9F-10F065FE5F4F}.Debug|x64.ActiveCfg = Debug|x64
		{FB2BA581-7374-4157-8B9F-10F065FE5F4F}.Debug|x64.Build.0 = Debug|x64
		{FB2BA581-7374-4157-8B9F-10F065FE5F4F}.Debug|x86.ActiveCfg = Debug|Win32
		{FB2BA581-7374-4157-8B9F-10F065FE5F4F}.Debug|x86.Build.0 = Debug|Win32
		{FB2BA581-7374-4157-8B9F-10F065FE5F4F}.Release|x64.ActiveCfg = Release|x64
		{FB2BA581-7374-4157-8B9F-10F065FE5F4F}.Release|x64.Build.0 = Release|x64
		{FB2BA581-7374-4157-8B9F-10F065FE5F4F}.Release|x86.ActiveCfg = Release|Win32
		{FB2BA581-7374-4157-8B9F-10F065FE5F4F}.Release|x86.Build.0 = Release|Win32
		{6C8B04AF-AF9F-4D4B-8CA8-F76A802797D0}.Debug|x64.ActiveCfg = Debug|x64
		{6C8B04AF-AF9F-4D4B-8CA8-F76A802797D0}.Debug|x64.Build.0 = Debug|x64
		{6C8B04AF-AF9F-4D4B-8CA8-F76A802797D0}.Debug|x86.ActiveCfg = Debug|Win32
		{6C8B04AF-AF9F-4D4B-8CA8-F76A802797D0}.Debug|x86.Build.0 = Debug|Win32
		{6C8B04AF-AF9F-4D4B-8CA8-F76A802797D0}.Release|x64.ActiveCfg = Release|x64
		{6C8B04AF-AF9F-4D4B-8CA8-F76A802797D0}.Release|x64.Build.0 = Release|x64
		{6C8B04AF-AF9F-4D4B-8CA8-F76A802797D0}.Release|x86.ActiveCfg = Release|Win32
		{6C8B04AF-AF9F-4D4B-8CA8-F76A802797D0}.Release|x86.Build.0 = Release|Win32
		{3C2AAA14-A1F6-4D0D-895D-0AE448145AD1}.Debug|x64.ActiveCfg = Debug|x64
		{3C2AAA14-A1F6-4D0D-895D-0AE448145AD1}.Debug|x64.Build.0 = Debug|x64
		{3C2AAA14-A1F6-4D0D-895D-0AE448145AD1}.Debug|x86.ActiveCfg = Debug|Win32
		{3C2AAA14-A1F6-4D0D-895D-0AE448145AD1}.Debug|x86.Build.0 = Debug|Win32
		{3C2AAA14-A1F6-4D0D-895D-0AE448145AD1}.Release|x64.ActiveCfg = Release|x64
		{3C2AAA14-A1F6-4D0D-895D-0AE448145AD1}.Release|x64.Build.0 = Release|x64
		{3C2AAA14-A1F6-4D0D-895D-0AE448145AD1}.Release|x86.ActiveCfg = Release|Win32
		{3C2AAA14-A1F6-4D0D-895D-0AE448145AD1}.Release|x86.Build.0 = Release|Win32
		{82FE801E-7DE4-4DA6-A7D8-677BAF02C5DF}.Debug|x64.ActiveCfg = Debug|x64
		{82FE801E-7DE4-4DA6-A7D8-677BAF02C5DF}.Debug|x64.Build.0 = Debug|x64
		{82FE801E-7DE4-4DA6-A7D8-677BAF02C5DF}.Debug|x86.ActiveCfg = Debug|Win32
		{82FE801E-7DE4-4DA6-A7D8-677BAF02C5DF}.Debug|x86.Build.0 = Debug|Win32
		{82FE801E-7DE4-4DA6-A7D8-677BAF02C5DF}.Release|x64.ActiveCfg = Release|x64
		{82FE801E-7DE4-4DA6-A7D8-677BAF02C5DF}.Release|x64.Build.0 = Release|x64
		{82FE801E-7DE4-4DA6-A7D8-677BAF02C5DF}.Release|x86.ActiveCfg = Release|Win32
		{82FE801E-7DE4-4DA6-A7D8-677BAF02C5DF}.Release|x86.Build.0 = Release|Win32
		{512BDF96-4F37-4515-883B-B0ED845D030A}.Debug|x64.ActiveCfg = Debug|x64
		{512BDF96-4F37-4515-883B-B0ED845D030A}.Debug|x64.Build.0 = Debug|x64
		{512BDF96-4F37-4515-883B-B0ED845D030A}.Debug|x86.ActiveCfg = Debug|Win32
		{512BDF96-4F37-4515-883B-B0ED845D030A}.Debug|x86.Build.0 = Debug|Win32
		{512BDF96-4F37-4515-883B-B0ED845D030A}.Release|x64.ActiveCfg = Release|x64
		{512BDF96-4F37-4515-883B-B0ED845D030A}.Release|x64.Build.0 = Release|x64
		{512BDF96-4F37-4515-883B-B0ED845D030A}.Release|x86.ActiveCfg = Release|Win32
		{512BDF96-4F37-4515-883B-B0ED845D030A}.Release|x86.Build.0 = Release|Win32
		{D66D687E-B3C5-4BC4-BEBA-D1F51883F6BB}.Debug|x64.ActiveCfg = Debug|x64
		{D66D687E-B3C5-4BC4-BEBA-D1F51883F6BB}.Debug|x64.Build.0 = Debug|x64
		{D66D687E-B3C5-4BC4-BEBA-D1F51883F6BB}.Debug|x86.ActiveCfg = Debug|Win32
		{D66D687E-B3C5-4BC4-BEBA-D1F51883F6BB}.Debug|x86.Build.0 = Debug|Win32
		{D66D687E-B3C5-4BC4-BEBA-D1F51883F6BB}.Release|x64.ActiveCfg = Release|x64
		{D66D687E-B3C5-4BC4-BEBA-D1F51883F6BB}.Release|x64.Build.0 = Release|x64
		{D66D687E-B3C5-4BC4-BEBA-D1F51883F6BB}.Release|x86.ActiveCfg = Release|Win32
		{D66D687E-B3C5-4BC4-BEBA-D1F51883F6BB}.Release|x86.Build.0 = Release|Win32
		{83D115C7-7568-447C-A6C8-6C6303B478C7}.Debug|x64.ActiveCfg = Debug|x64
		{83D115C7-7568-447C-A6C8-6C6303B478C7}.Debug|x64.Build.0 = Debug|x64
		{83D115C7-7568-447C-A6C8-6C6303B478C7}.Debug|x86.ActiveCfg = Debug|Win32
		{83D115C7-7568-447C-A6C8-6C6303B478C7}.Debug|x86.Build.0 = Debug|Win32
		{83D115C7-7568-447C-A6C8-6C6303B478C7}.Release|x64.ActiveCfg = Release|x64
		{83D115C7-7568-447C-A6C8-6C6303B478C7}.Release|x64.Build.0 = Release|x64
		{83D115C7-7568-447C-A6C8-6C6303B478C7}.Release|x86.ActiveCfg = Release|Win32
		{83D115C7-7568-447C-A6C8-6C6303B478C7}.Release|x86.Build.0 = Release|Win32
		{E976CEB7-0884-4AE7-81DE-1CC2879DE47B}.Debug|x64.ActiveCfg = Debug|x64
		{E976CEB7-0884-4AE7-81DE-1CC2879DE47B}.Debug|x64.Build.0 = Debug|x64
		{E976CEB7-0884-4AE7-81DE-1CC2879DE47B}.Debug|x86.ActiveCfg = Debug|Win32
		{E976CEB7-0884-4AE7-81DE-1CC2879DE47B}.Debug|x86.Build.0 = Debug|Win32
		{E976CEB7-0884-4AE7-81DE-1CC2879DE47B}.Release|x64.ActiveCfg = Release|x64
		{E976CEB7-0884-4AE7-81DE-1CC2879DE47B}.Release|x64.Build.0 = Release|x64
		{E976CEB7-0884-4AE7-81DE-1CC2879DE47B}.Release|x86.ActiveCfg = Release|Win32
		{E976CEB7-0884-4AE7-81DE-1CC2879DE47B}.Release|x86.Build.0 = Release|Win32
		{2BC8C8FC-B4DA-435F-A16A-8D470E4C66EB}.Debug|x64.ActiveCfg = Debug|x64
		{2BC8C8FC-B4DA-435F-A16A-8D470E4C66EB}.Debug|x64.Build.0 = Debug|x64
		{2BC8C8FC-B4DA-435F-A16A-8D470E4C66EB}.Debug|x86.ActiveCfg = Debug|Win32
		{2BC8C8FC-B4DA-435F-A16A-8D470E4C66EB}.Debug|x86.Build.0 = Debug|Win32
		{2BC8C8FC-B4DA-435F-A16A-8D470E4C66EB}.Release|x64.ActiveCfg = Release|x64
		{2BC8C8FC-B4DA-435F-A16A-8D470E4C66EB}.Release|x64.Build.0 = Release|x64
		{2BC8C8FC-B4DA-435F-A16A-8D470E4C66EB}.Release|x86.ActiveCfg = Release|Win32
		{2BC8C8FC-B4DA-435F-A16A-8D470E4C66EB}.Release|x86.Build.0 = Release|Win32
		{FC3FA1C7-4AE9-4C38-944C-DB0AD1C8AC04}.Debug|x64.ActiveCfg = Debug|x64
		{FC3FA1C7-4AE9-4C38-944C-DB0AD1C8AC04}.Debug|x64.Build.0 = Debug|x64
		{FC3FA1C7-4AE9-4C38-944C-DB0AD1C8AC04}.Debug|x86.ActiveCfg = Debug|Win32
		{FC3FA1C7-4AE9-4C38-944C-DB0AD1C8AC04}.Debug|x86.Build.0 = Debug|Win32
		{FC3FA1C7-4AE9-4C38-944C-DB0AD1C8AC04}.Release|x64.ActiveCfg = Release|x64
		{FC3FA1C7-4AE9-4C38-944C-DB0AD1C8AC04}.Release|x64.Build.0 = Release|x64
		{FC3FA1C7-4AE9-4C38-944C-DB0AD1C8AC04}.Release|x86.ActiveCfg = Release|Win32
		{FC3FA1C7-4AE9-4C38-944C-DB0AD1C8AC04}.Release|x86.Build.0 = Release|Win32
		{59C240F1-5A32-4246-B5DF-0C68628B8FBF}.Debug|x64.ActiveCfg = Debug|x64
		{59C240F1-5A32-4246-B5DF-0C68628B8FBF}.Debug|x64.Build.0 = Debug|x64
		{59C240F1-5A32-4246-B5DF-0C68628B8FBF}.Debug|x86.ActiveCfg = Debug|Win32
		{59C240F1-5A32-4246-B5DF-0C68628B8FBF}.Debug|x86.Build.0 = Debug|Win32
		{59C240F1-5A32-4246-B5DF-0C68628B8FBF}.Release|x64.ActiveCfg = Release|x64
		{59C240F1-5A32-4246-B5DF-0C68628B8FBF}.Release|x64.Build.0 = Release|x64
		{59C240F1-5A32-4246-B5DF-0C68628B8FBF}.Release|x86.ActiveCfg = Release|Win32
		{59C240F1-5A32-4246-B5DF-0C68628B8FBF}.Release|x86.Build.0 = Release|Win32
		{CC8450EE-AAB1-489A-A340-284AB55FE4C2}.Debug|x64.ActiveCfg = Debug|x64
		{CC8450EE-AAB1-489A-A340-284AB55FE4C2}.Debug|x64.Build.0 = Debug|x64
		{CC8450EE-AAB1-489A-A340-284AB55FE4C2}.Debug|x86.ActiveCfg = Debug|Win32
		{CC8450EE-AAB1-489A-A340-284AB55FE4C2}.Debug|x86.Build.0 = Debug|Win32
		{CC8450EE-AAB1-489A-A340-284AB55FE4C2}.Release|x64.ActiveCfg = Release|x64
		{CC8450EE-AAB1-489A-A340-284AB55FE4C2}.Release|x64.Build.0 = Release|x64
		{CC8450EE-AAB1-489A-A340-284AB55FE4C2}.Release|x86.ActiveCfg = Release|Win32
		{CC8450EE-AAB1-489A-A340-284AB55FE4C2}.Release|x86.Build.0 = Release|Win32
	EndGlobalSection
	GlobalSection(SolutionProperties) = preSolution
		HideSolutionNode = FALSE
	EndGlobalSection
	GlobalSection(ExtensibilityGlobals) = postSolution
		SolutionGuid = {2A679014-17B2-4FC8-BF66-7D21FB07DC16}
	EndGlobalSection
EndGlobal
